{
  "requires": true,
  "lockfileVersion": 1,
  "dependencies": {
    "@angular/material": {
      "version": "7.3.0",
      "resolved": "https://registry.npmjs.org/@angular/material/-/material-7.3.0.tgz",
      "integrity": "sha512-wWf7dSX8pu9dY9GWiXJfYLA3LTSBREtHLr1NxhN26tQWxGKQ7NJBXth1GTgvojmwt5GzL2j4uyfq/PPvnp95iw==",
      "requires": {
        "tslib": "^1.7.1"
      }
    },
    "tslib": {
      "version": "1.9.3",
      "resolved": "https://registry.npmjs.org/tslib/-/tslib-1.9.3.tgz",
      "integrity": "sha512-4krF8scpejhaOgqzBEcGM7yDIEfi0/8+8zDRZhNZZ2kjmHJ4hv3zCbQWxoJGz1iw5U0Jl0nma13xzHXcncMavQ=="
    }
  }
}
